lockfileVersion: 5.3

specifiers:
  '@rollup/plugin-typescript': ^9.0.1
  '@types/ws': ^8.5.3
  rollup: ^3.2.3
  rollup-plugin-commonjs: ^10.1.0
  rollup-plugin-node-builtins: ^2.1.2
  rollup-plugin-node-globals: ^1.4.0
  rollup-plugin-node-resolve: ^5.2.0
  tiny-emitter: ^2.1.0
  tslib: ^2.4.0
  typescript: 4.8.4
  ws: ^8.9.0

dependencies:
  tiny-emitter: 2.1.0
  tslib: 2.4.0
  ws: 8.9.0

devDependencies:
  '@rollup/plugin-typescript': 9.0.1_0d5bb20fa7c6e45193dce4f0648d3c40
  '@types/ws': 8.5.3
  rollup: 3.2.3
  rollup-plugin-commonjs: 10.1.0_rollup@3.2.3
  rollup-plugin-node-builtins: 2.1.2
  rollup-plugin-node-globals: 1.4.0
  rollup-plugin-node-resolve: 5.2.0_rollup@3.2.3
  typescript: 4.8.4

packages:

  /@rollup/plugin-typescript/9.0.1_0d5bb20fa7c6e45193dce4f0648d3c40:
    resolution: {integrity: sha512-fj+CTk8+HvFCEwwDQdNgWd0lIJVXtMQ0Z3vH/ZgzFSbK2s1zs5wjZrjzrhViTTN+UF49+P69/tybgKRdGHpj/Q==}
    engines: {node: '>=14.0.0'}
    peerDependencies:
      rollup: ^2.14.0||^3.0.0
      tslib: '*'
      typescript: '>=3.7.0'
    peerDependenciesMeta:
      rollup:
        optional: true
      tslib:
        optional: true
    dependencies:
      '@rollup/pluginutils': 4.2.1
      resolve: 1.22.1
      rollup: 3.2.3
      tslib: 2.4.0
      typescript: 4.8.4
    dev: true

  /@rollup/pluginutils/4.2.1:
    resolution: {integrity: sha512-iKnFXr7NkdZAIHiIWE+BX5ULi/ucVFYWD6TbAV+rZctiRTY2PL6tsIKhoIOaoskiWAkgu+VsbXgUVDNLHf+InQ==}
    engines: {node: '>= 8.0.0'}
    dependencies:
      estree-walker: 2.0.2
      picomatch: 2.3.1
    dev: true

  /@types/estree/1.0.0:
    resolution: {integrity: sha512-WulqXMDUTYAXCjZnk6JtIHPigp55cVtDgDrO2gHRwhyJto21+1zbVCtOYB2L1F9w4qCQ0rOGWBnBe0FNTiEJIQ==}
    dev: true

  /@types/node/18.11.2:
    resolution: {integrity: sha512-BWN3M23gLO2jVG8g/XHIRFWiiV4/GckeFIqbU/C4V3xpoBBWSMk4OZomouN0wCkfQFPqgZikyLr7DOYDysIkkw==}
    dev: true

  /@types/resolve/0.0.8:
    resolution: {integrity: sha512-auApPaJf3NPfe18hSoJkp8EbZzer2ISk7o8mCC3M9he/a04+gbMF97NkpD2S8riMGvm4BMRI59/SZQSaLTKpsQ==}
    dependencies:
      '@types/node': 18.11.2
    dev: true

  /@types/ws/8.5.3:
    resolution: {integrity: sha512-6YOoWjruKj1uLf3INHH7D3qTXwFfEsg1kf3c0uDdSBJwfa/llkwIjrAGV7j7mVgGNbzTQ3HiHKKDXl6bJPD97w==}
    dependencies:
      '@types/node': 18.11.2
    dev: true

  /abstract-leveldown/0.12.4:
    resolution: {integrity: sha512-TOod9d5RDExo6STLMGa+04HGkl+TlMfbDnTyN93/ETJ9DpQ0DaYLqcMZlbXvdc4W3vVo1Qrl+WhSp8zvDsJ+jA==}
    dependencies:
      xtend: 3.0.0
    dev: true

  /acorn/5.7.4:
    resolution: {integrity: sha512-1D++VG7BhrtvQpNbBzovKNc1FLGGEE/oGe7b9xJm/RFHMBeUaUGpluV9RLjZa47YFdPcDAenEYuq9pQPcMdLJg==}
    engines: {node: '>=0.4.0'}
    hasBin: true
    dev: true

  /asn1.js/5.4.1:
    resolution: {integrity: sha512-+I//4cYPccV8LdmBLiX8CYvf9Sp3vQsrqu2QNXRcrbiWvcx/UdlFiqUJJzxRQxgsZmvhXhn4cSKeSmoFjVdupA==}
    dependencies:
      bn.js: 4.12.0
      inherits: 2.0.4
      minimalistic-assert: 1.0.1
      safer-buffer: 2.1.2
    dev: true

  /bl/0.8.2:
    resolution: {integrity: sha512-pfqikmByp+lifZCS0p6j6KreV6kNU6Apzpm2nKOk+94cZb/jvle55+JxWiByUQ0Wo/+XnDXEy5MxxKMb6r0VIw==}
    dependencies:
      readable-stream: 1.0.34
    dev: true

  /bn.js/4.12.0:
    resolution: {integrity: sha512-c98Bf3tPniI+scsdk237ku1Dc3ujXQTSgyiPUDEOe7tRkhrqridvh8klBv0HCEso1OLOYcHuCv/cS6DNxKH+ZA==}
    dev: true

  /bn.js/5.2.1:
    resolution: {integrity: sha512-eXRvHzWyYPBuB4NBy0cmYQjGitUrtqwbvlzP3G6VFnNRbsZQIxQ10PbKKHt8gZ/HW/D/747aDl+QkDqg3KQLMQ==}
    dev: true

  /brorand/1.1.0:
    resolution: {integrity: sha512-cKV8tMCEpQs4hK/ik71d6LrPOnpkpGBR0wzxqr68g2m/LB2GxVYQroAjMJZRVM1Y4BCjCKc3vAamxSzOY2RP+w==}
    dev: true

  /browserify-aes/1.2.0:
    resolution: {integrity: sha512-+7CHXqGuspUn/Sl5aO7Ea0xWGAtETPXNSAjHo48JfLdPWcMng33Xe4znFvQweqc/uzk5zSOI3H52CYnjCfb5hA==}
    dependencies:
      buffer-xor: 1.0.3
      cipher-base: 1.0.4
      create-hash: 1.2.0
      evp_bytestokey: 1.0.3
      inherits: 2.0.4
      safe-buffer: 5.2.1
    dev: true

  /browserify-cipher/1.0.1:
    resolution: {integrity: sha512-sPhkz0ARKbf4rRQt2hTpAHqn47X3llLkUGn+xEJzLjwY8LRs2p0v7ljvI5EyoRO/mexrNunNECisZs+gw2zz1w==}
    dependencies:
      browserify-aes: 1.2.0
      browserify-des: 1.0.2
      evp_bytestokey: 1.0.3
    dev: true

  /browserify-des/1.0.2:
    resolution: {integrity: sha512-BioO1xf3hFwz4kc6iBhI3ieDFompMhrMlnDFC4/0/vd5MokpuAc3R+LYbwTA9A5Yc9pq9UYPqffKpW2ObuwX5A==}
    dependencies:
      cipher-base: 1.0.4
      des.js: 1.0.1
      inherits: 2.0.4
      safe-buffer: 5.2.1
    dev: true

  /browserify-fs/1.0.0:
    resolution: {integrity: sha512-8LqHRPuAEKvyTX34R6tsw4bO2ro6j9DmlYBhiYWHRM26Zv2cBw1fJOU0NeUQ0RkXkPn/PFBjhA0dm4AgaBurTg==}
    dependencies:
      level-filesystem: 1.2.0
      level-js: 2.2.4
      levelup: 0.18.6
    dev: true

  /browserify-rsa/4.1.0:
    resolution: {integrity: sha512-AdEER0Hkspgno2aR97SAf6vi0y0k8NuOpGnVH3O99rcA5Q6sh8QxcngtHuJ6uXwnfAXNM4Gn1Gb7/MV1+Ymbog==}
    dependencies:
      bn.js: 5.2.1
      randombytes: 2.1.0
    dev: true

  /browserify-sign/4.2.1:
    resolution: {integrity: sha512-/vrA5fguVAKKAVTNJjgSm1tRQDHUU6DbwO9IROu/0WAzC8PKhucDSh18J0RMvVeHAn5puMd+QHC2erPRNf8lmg==}
    dependencies:
      bn.js: 5.2.1
      browserify-rsa: 4.1.0
      create-hash: 1.2.0
      create-hmac: 1.1.7
      elliptic: 6.5.4
      inherits: 2.0.4
      parse-asn1: 5.1.6
      readable-stream: 3.6.0
      safe-buffer: 5.2.1
    dev: true

  /buffer-es6/4.9.3:
    resolution: {integrity: sha512-Ibt+oXxhmeYJSsCkODPqNpPmyegefiD8rfutH1NYGhMZQhSp95Rz7haemgnJ6dxa6LT+JLLbtgOMORRluwKktw==}
    dev: true

  /buffer-from/1.1.2:
    resolution: {integrity: sha512-E+XQCRwSbaaiChtv6k6Dwgc+bx+Bs6vuKJHHl5kox/BaKbhiXzqQOwK4cO22yElGp2OCmjwVhT3HmxgyPGnJfQ==}
    dev: true

  /buffer-xor/1.0.3:
    resolution: {integrity: sha512-571s0T7nZWK6vB67HI5dyUF7wXiNcfaPPPTl6zYCNApANjIvYJTg7hlud/+cJpdAhS7dVzqMLmfhfHR3rAcOjQ==}
    dev: true

  /builtin-modules/3.3.0:
    resolution: {integrity: sha512-zhaCDicdLuWN5UbN5IMnFqNMhNfo919sH85y2/ea+5Yg9TsTkeZxpL+JLbp6cgYFS4sRLp3YV4S6yDuqVWHYOw==}
    engines: {node: '>=6'}
    dev: true

  /cipher-base/1.0.4:
    resolution: {integrity: sha512-Kkht5ye6ZGmwv40uUDZztayT2ThLQGfnj/T71N/XzeZeo3nf8foyW7zGTsPYkEya3m5f3cAypH+qe7YOrM1U2Q==}
    dependencies:
      inherits: 2.0.4
      safe-buffer: 5.2.1
    dev: true

  /clone/0.1.19:
    resolution: {integrity: sha512-IO78I0y6JcSpEPHzK4obKdsL7E7oLdRVDVOLwr2Hkbjsb+Eoz0dxW6tef0WizoKu0gLC4oZSZuEF4U2K6w1WQw==}
    dev: true

  /concat-stream/1.6.2:
    resolution: {integrity: sha512-27HBghJxjiZtIk3Ycvn/4kbJk/1uZuJFfuPEns6LaEvpvG1f0hTea8lilrouyo9mVc2GWdcEZ8OLoGmSADlrCw==}
    engines: {'0': node >= 0.8}
    dependencies:
      buffer-from: 1.1.2
      inherits: 2.0.4
      readable-stream: 2.3.7
      typedarray: 0.0.6
    dev: true

  /core-util-is/1.0.3:
    resolution: {integrity: sha512-ZQBvi1DcpJ4GDqanjucZ2Hj3wEO5pZDS89BWbkcrvdxksJorwUDDZamX9ldFkp9aw2lmBDLgkObEA4DWNJ9FYQ==}
    dev: true

  /create-ecdh/4.0.4:
    resolution: {integrity: sha512-mf+TCx8wWc9VpuxfP2ht0iSISLZnt0JgWlrOKZiNqyUZWnjIaCIVNQArMHnCZKfEYRg6IM7A+NeJoN8gf/Ws0A==}
    dependencies:
      bn.js: 4.12.0
      elliptic: 6.5.4
    dev: true

  /create-hash/1.2.0:
    resolution: {integrity: sha512-z00bCGNHDG8mHAkP7CtT1qVu+bFQUPjYq/4Iv3C3kWjTFV10zIjfSoeqXo9Asws8gwSHDGj/hl2u4OGIjapeCg==}
    dependencies:
      cipher-base: 1.0.4
      inherits: 2.0.4
      md5.js: 1.3.5
      ripemd160: 2.0.2
      sha.js: 2.4.11
    dev: true

  /create-hmac/1.1.7:
    resolution: {integrity: sha512-MJG9liiZ+ogc4TzUwuvbER1JRdgvUFSB5+VR/g5h82fGaIRWMWddtKBHi7/sVhfjQZ6SehlyhvQYrcYkaUIpLg==}
    dependencies:
      cipher-base: 1.0.4
      create-hash: 1.2.0
      inherits: 2.0.4
      ripemd160: 2.0.2
      safe-buffer: 5.2.1
      sha.js: 2.4.11
    dev: true

  /crypto-browserify/3.12.0:
    resolution: {integrity: sha512-fz4spIh+znjO2VjL+IdhEpRJ3YN6sMzITSBijk6FK2UvTqruSQW+/cCZTSNsMiZNvUeq0CqurF+dAbyiGOY6Wg==}
    dependencies:
      browserify-cipher: 1.0.1
      browserify-sign: 4.2.1
      create-ecdh: 4.0.4
      create-hash: 1.2.0
      create-hmac: 1.1.7
      diffie-hellman: 5.0.3
      inherits: 2.0.4
      pbkdf2: 3.1.2
      public-encrypt: 4.0.3
      randombytes: 2.1.0
      randomfill: 1.0.4
    dev: true

  /deferred-leveldown/0.2.0:
    resolution: {integrity: sha512-+WCbb4+ez/SZ77Sdy1iadagFiVzMB89IKOBhglgnUkVxOxRWmmFsz8UDSNWh4Rhq+3wr/vMFlYj+rdEwWUDdng==}
    dependencies:
      abstract-leveldown: 0.12.4
    dev: true

  /des.js/1.0.1:
    resolution: {integrity: sha512-Q0I4pfFrv2VPd34/vfLrFOoRmlYj3OV50i7fskps1jZWK1kApMWWT9G6RRUeYedLcBDIhnSDaUvJMb3AhUlaEA==}
    dependencies:
      inherits: 2.0.4
      minimalistic-assert: 1.0.1
    dev: true

  /diffie-hellman/5.0.3:
    resolution: {integrity: sha512-kqag/Nl+f3GwyK25fhUMYj81BUOrZ9IuJsjIcDE5icNM9FJHAVm3VcUDxdLPoQtTuUylWm6ZIknYJwwaPxsUzg==}
    dependencies:
      bn.js: 4.12.0
      miller-rabin: 4.0.1
      randombytes: 2.1.0
    dev: true

  /elliptic/6.5.4:
    resolution: {integrity: sha512-iLhC6ULemrljPZb+QutR5TQGB+pdW6KGD5RSegS+8sorOZT+rdQFbsQFJgvN3eRqNALqJer4oQ16YvJHlU8hzQ==}
    dependencies:
      bn.js: 4.12.0
      brorand: 1.1.0
      hash.js: 1.1.7
      hmac-drbg: 1.0.1
      inherits: 2.0.4
      minimalistic-assert: 1.0.1
      minimalistic-crypto-utils: 1.0.1
    dev: true

  /errno/0.1.8:
    resolution: {integrity: sha512-dJ6oBr5SQ1VSd9qkk7ByRgb/1SH4JZjCHSW/mr63/QcXO9zLVxvJ6Oy13nio03rxpSnVDDjFor75SjVeZWPW/A==}
    hasBin: true
    dependencies:
      prr: 1.0.1
    dev: true

  /estree-walker/0.5.2:
    resolution: {integrity: sha512-XpCnW/AE10ws/kDAs37cngSkvgIR8aN3G0MS85m7dUpuK2EREo9VJ00uvw6Dg/hXEpfsE1I1TvJOJr+Z+TL+ig==}
    dev: true

  /estree-walker/0.6.1:
    resolution: {integrity: sha512-SqmZANLWS0mnatqbSfRP5g8OXZC12Fgg1IwNtLsyHDzJizORW4khDfjPqJZsemPWBB2uqykUah5YpQ6epsqC/w==}
    dev: true

  /estree-walker/2.0.2:
    resolution: {integrity: sha512-Rfkk/Mp/DL7JVje3u18FxFujQlTNR2q6QfMSMB7AvCBx91NGj/ba3kCfza0f6dVDbw7YlRf/nDrn7pQrCCyQ/w==}
    dev: true

  /evp_bytestokey/1.0.3:
    resolution: {integrity: sha512-/f2Go4TognH/KvCISP7OUsHn85hT9nUkxxA9BEWxFn+Oj9o8ZNLm/40hdlgSLyuOimsrTKLUMEorQexp/aPQeA==}
    dependencies:
      md5.js: 1.3.5
      safe-buffer: 5.2.1
    dev: true

  /foreach/2.0.6:
    resolution: {integrity: sha512-k6GAGDyqLe9JaebCsFCoudPPWfihKu8pylYXRlqP1J7ms39iPoTtk2fviNglIeQEwdh0bQeKJ01ZPyuyQvKzwg==}
    dev: true

  /fsevents/2.3.2:
    resolution: {integrity: sha512-xiqMQR4xAeHTuB9uWm+fFRcIOgKBMiOBP+eXiyT7jsgVCq1bkVygt00oASowB7EdtpOHaaPgKt812P9ab+DDKA==}
    engines: {node: ^8.16.0 || ^10.6.0 || >=11.0.0}
    os: [darwin]
    requiresBuild: true
    dev: true
    optional: true

  /function-bind/1.1.1:
    resolution: {integrity: sha512-yIovAzMX49sF8Yl58fSCWJ5svSLuaibPxXQJFLmBObTuCr0Mf1KiPopGM9NiFjiYBCbfaa2Fh6breQ6ANVTI0A==}
    dev: true

  /fwd-stream/1.0.4:
    resolution: {integrity: sha512-q2qaK2B38W07wfPSQDKMiKOD5Nzv2XyuvQlrmh1q0pxyHNanKHq8lwQ6n9zHucAwA5EbzRJKEgds2orn88rYTg==}
    dependencies:
      readable-stream: 1.0.34
    dev: true

  /has/1.0.3:
    resolution: {integrity: sha512-f2dvO0VU6Oej7RkWJGrehjbzMAjFp5/VKPp5tTpWIV4JHHZK1/BxbFRtf/siA2SWTe09caDmVtYYzWEIbBS4zw==}
    engines: {node: '>= 0.4.0'}
    dependencies:
      function-bind: 1.1.1
    dev: true

  /hash-base/3.1.0:
    resolution: {integrity: sha512-1nmYp/rhMDiE7AYkDw+lLwlAzz0AntGIe51F3RfFfEqyQ3feY2eI/NcwC6umIQVOASPMsWJLJScWKSSvzL9IVA==}
    engines: {node: '>=4'}
    dependencies:
      inherits: 2.0.4
      readable-stream: 3.6.0
      safe-buffer: 5.2.1
    dev: true

  /hash.js/1.1.7:
    resolution: {integrity: sha512-taOaskGt4z4SOANNseOviYDvjEJinIkRgmp7LbKP2YTTmVxWBl87s/uzK9r+44BclBSp2X7K1hqeNfz9JbBeXA==}
    dependencies:
      inherits: 2.0.4
      minimalistic-assert: 1.0.1
    dev: true

  /hmac-drbg/1.0.1:
    resolution: {integrity: sha512-Tti3gMqLdZfhOQY1Mzf/AanLiqh1WTiJgEj26ZuYQ9fbkLomzGchCws4FyrSd4VkpBfiNhaE1On+lOz894jvXg==}
    dependencies:
      hash.js: 1.1.7
      minimalistic-assert: 1.0.1
      minimalistic-crypto-utils: 1.0.1
    dev: true

  /idb-wrapper/1.7.2:
    resolution: {integrity: sha512-zfNREywMuf0NzDo9mVsL0yegjsirJxHpKHvWcyRozIqQy89g0a3U+oBPOCN4cc0oCiOuYgZHimzaW/R46G1Mpg==}
    dev: true

  /indexof/0.0.1:
    resolution: {integrity: sha512-i0G7hLJ1z0DE8dsqJa2rycj9dBmNKgXBvotXtZYXakU9oivfB9Uj2ZBC27qqef2U58/ZLwalxa1X/RDCdkHtVg==}
    dev: true

  /inherits/2.0.4:
    resolution: {integrity: sha512-k/vGaX4/Yla3WzyMCvTQOXYeIHvqOKtnqBduzTHpzpQZzAskKMhZ2K+EnBiSM9zGSoIFeMpXKxa4dYeZIQqewQ==}
    dev: true

  /is-core-module/2.11.0:
    resolution: {integrity: sha512-RRjxlvLDkD1YJwDbroBHMb+cukurkDWNyHx7D3oNB5x9rb5ogcksMC5wHCadcXoo67gVr/+3GFySh3134zi6rw==}
    dependencies:
      has: 1.0.3
    dev: true

  /is-module/1.0.0:
    resolution: {integrity: sha512-51ypPSPCoTEIN9dy5Oy+h4pShgJmPCygKfyRCISBI+JoWT/2oJvK8QPxmwv7b/p239jXrm9M1mlQbyKJ5A152g==}
    dev: true

  /is-object/0.1.2:
    resolution: {integrity: sha512-GkfZZlIZtpkFrqyAXPQSRBMsaHAw+CgoKe2HXAkjd/sfoI9+hS8PT4wg2rJxdQyUKr7N2vHJbg7/jQtE5l5vBQ==}
    dev: true

  /is-reference/1.2.1:
    resolution: {integrity: sha512-U82MsXXiFIrjCK4otLT+o2NA2Cd2g5MLoOVXUZjIOhLurrRxpEXzI8O0KZHr3IjLvlAH1kTPYSuqer5T9ZVBKQ==}
    dependencies:
      '@types/estree': 1.0.0
    dev: true

  /is/0.2.7:
    resolution: {integrity: sha512-ajQCouIvkcSnl2iRdK70Jug9mohIHVX9uKpoWnl115ov0R5mzBvRrXxrnHbsA+8AdwCwc/sfw7HXmd4I5EJBdQ==}
    dev: true

  /isarray/0.0.1:
    resolution: {integrity: sha512-D2S+3GLxWH+uhrNEcoh/fnmYeP8E8/zHl644d/jdA0g2uyXvy3sb0qxotE+ne0LtccHknQzWwZEzhak7oJ0COQ==}
    dev: true

  /isarray/1.0.0:
    resolution: {integrity: sha512-VLghIWNM6ELQzo7zwmcg0NmTVyWKYjvIeM83yjp0wRDTmUnrM678fQbcKBo6n2CJEF0szoG//ytg+TKla89ALQ==}
    dev: true

  /isbuffer/0.0.0:
    resolution: {integrity: sha512-xU+NoHp+YtKQkaM2HsQchYn0sltxMxew0HavMfHbjnucBoTSGbw745tL+Z7QBANleWM1eEQMenEpi174mIeS4g==}
    dev: true

  /level-blobs/0.1.7:
    resolution: {integrity: sha512-n0iYYCGozLd36m/Pzm206+brIgXP8mxPZazZ6ZvgKr+8YwOZ8/PPpYC5zMUu2qFygRN8RO6WC/HH3XWMW7RMVg==}
    dependencies:
      level-peek: 1.0.6
      once: 1.4.0
      readable-stream: 1.1.14
    dev: true

  /level-filesystem/1.2.0:
    resolution: {integrity: sha512-PhXDuCNYpngpxp3jwMT9AYBMgOvB6zxj3DeuIywNKmZqFj2djj9XfT2XDVslfqmo0Ip79cAd3SBy3FsfOZPJ1g==}
    dependencies:
      concat-stream: 1.6.2
      errno: 0.1.8
      fwd-stream: 1.0.4
      level-blobs: 0.1.7
      level-peek: 1.0.6
      level-sublevel: 5.2.3
      octal: 1.0.0
      once: 1.4.0
      xtend: 2.2.0
    dev: true

  /level-fix-range/1.0.2:
    resolution: {integrity: sha512-9llaVn6uqBiSlBP+wKiIEoBa01FwEISFgHSZiyec2S0KpyLUkGR4afW/FCZ/X8y+QJvzS0u4PGOlZDdh1/1avQ==}
    dev: true

  /level-fix-range/2.0.0:
    resolution: {integrity: sha512-WrLfGWgwWbYPrHsYzJau+5+te89dUbENBg3/lsxOs4p2tYOhCHjbgXxBAj4DFqp3k/XBwitcRXoCh8RoCogASA==}
    dependencies:
      clone: 0.1.19
    dev: true

  /level-hooks/4.5.0:
    resolution: {integrity: sha512-fxLNny/vL/G4PnkLhWsbHnEaRi+A/k8r5EH/M77npZwYL62RHi2fV0S824z3QdpAk6VTgisJwIRywzBHLK4ZVA==}
    dependencies:
      string-range: 1.2.2
    dev: true

  /level-js/2.2.4:
    resolution: {integrity: sha512-lZtjt4ZwHE00UMC1vAb271p9qzg8vKlnDeXfIesH3zL0KxhHRDjClQLGLWhyR0nK4XARnd4wc/9eD1ffd4PshQ==}
    dependencies:
      abstract-leveldown: 0.12.4
      idb-wrapper: 1.7.2
      isbuffer: 0.0.0
      ltgt: 2.2.1
      typedarray-to-buffer: 1.0.4
      xtend: 2.1.2
    dev: true

  /level-peek/1.0.6:
    resolution: {integrity: sha512-TKEzH5TxROTjQxWMczt9sizVgnmJ4F3hotBI48xCTYvOKd/4gA/uY0XjKkhJFo6BMic8Tqjf6jFMLWeg3MAbqQ==}
    dependencies:
      level-fix-range: 1.0.2
    dev: true

  /level-sublevel/5.2.3:
    resolution: {integrity: sha512-tO8jrFp+QZYrxx/Gnmjawuh1UBiifpvKNAcm4KCogesWr1Nm2+ckARitf+Oo7xg4OHqMW76eAqQ204BoIlscjA==}
    dependencies:
      level-fix-range: 2.0.0
      level-hooks: 4.5.0
      string-range: 1.2.2
      xtend: 2.0.6
    dev: true

  /levelup/0.18.6:
    resolution: {integrity: sha512-uB0auyRqIVXx+hrpIUtol4VAPhLRcnxcOsd2i2m6rbFIDarO5dnrupLOStYYpEcu8ZT087Z9HEuYw1wjr6RL6Q==}
    dependencies:
      bl: 0.8.2
      deferred-leveldown: 0.2.0
      errno: 0.1.8
      prr: 0.0.0
      readable-stream: 1.0.34
      semver: 2.3.2
      xtend: 3.0.0
    dev: true

  /ltgt/2.2.1:
    resolution: {integrity: sha512-AI2r85+4MquTw9ZYqabu4nMwy9Oftlfa/e/52t9IjtfG+mGBbTNdAoZ3RQKLHR6r0wQnwZnPIEh/Ya6XTWAKNA==}
    dev: true

  /magic-string/0.22.5:
    resolution: {integrity: sha512-oreip9rJZkzvA8Qzk9HFs8fZGF/u7H/gtrE8EN6RjKJ9kh2HlC+yQ2QezifqTZfGyiuAV0dRv5a+y/8gBb1m9w==}
    dependencies:
      vlq: 0.2.3
    dev: true

  /magic-string/0.25.9:
    resolution: {integrity: sha512-RmF0AsMzgt25qzqqLc1+MbHmhdx0ojF2Fvs4XnOqz2ZOBXzzkEwc/dJQZCYHAn7v1jbVOjAZfK8msRn4BxO4VQ==}
    dependencies:
      sourcemap-codec: 1.4.8
    dev: true

  /md5.js/1.3.5:
    resolution: {integrity: sha512-xitP+WxNPcTTOgnTJcrhM0xvdPepipPSf3I8EIpGKeFLjt3PlJLIDG3u8EX53ZIubkb+5U2+3rELYpEhHhzdkg==}
    dependencies:
      hash-base: 3.1.0
      inherits: 2.0.4
      safe-buffer: 5.2.1
    dev: true

  /miller-rabin/4.0.1:
    resolution: {integrity: sha512-115fLhvZVqWwHPbClyntxEVfVDfl9DLLTuJvq3g2O/Oxi8AiNouAHvDSzHS0viUJc+V5vm3eq91Xwqn9dp4jRA==}
    hasBin: true
    dependencies:
      bn.js: 4.12.0
      brorand: 1.1.0
    dev: true

  /minimalistic-assert/1.0.1:
    resolution: {integrity: sha512-UtJcAD4yEaGtjPezWuO9wC4nwUnVH/8/Im3yEHQP4b67cXlD/Qr9hdITCU1xDbSEXg2XKNaP8jsReV7vQd00/A==}
    dev: true

  /minimalistic-crypto-utils/1.0.1:
    resolution: {integrity: sha512-JIYlbt6g8i5jKfJ3xz7rF0LXmv2TkDxBLUkiBeZ7bAx4GnnNMr8xFpGnOxn6GhTEHx3SjRrZEoU+j04prX1ktg==}
    dev: true

  /object-keys/0.2.0:
    resolution: {integrity: sha512-XODjdR2pBh/1qrjPcbSeSgEtKbYo7LqYNq64/TPuCf7j9SfDD3i21yatKoIy39yIWNvVM59iutfQQpCv1RfFzA==}
    deprecated: Please update to the latest object-keys
    dependencies:
      foreach: 2.0.6
      indexof: 0.0.1
      is: 0.2.7
    dev: true

  /object-keys/0.4.0:
    resolution: {integrity: sha512-ncrLw+X55z7bkl5PnUvHwFK9FcGuFYo9gtjws2XtSzL+aZ8tm830P60WJ0dSmFVaSalWieW5MD7kEdnXda9yJw==}
    dev: true

  /octal/1.0.0:
    resolution: {integrity: sha512-nnda7W8d+A3vEIY+UrDQzzboPf1vhs4JYVhff5CDkq9QNoZY7Xrxeo/htox37j9dZf7yNHevZzqtejWgy1vCqQ==}
    dev: true

  /once/1.4.0:
    resolution: {integrity: sha512-lNaJgI+2Q5URQBkccEKHTQOPaXdUxnZZElQTZY0MFUAuaEqe1E+Nyvgdz/aIyNi6Z9MzO5dv1H8n58/GELp3+w==}
    dependencies:
      wrappy: 1.0.2
    dev: true

  /parse-asn1/5.1.6:
    resolution: {integrity: sha512-RnZRo1EPU6JBnra2vGHj0yhp6ebyjBZpmUCLHWiFhxlzvBCCpAuZ7elsBp1PVAbQN0/04VD/19rfzlBSwLstMw==}
    dependencies:
      asn1.js: 5.4.1
      browserify-aes: 1.2.0
      evp_bytestokey: 1.0.3
      pbkdf2: 3.1.2
      safe-buffer: 5.2.1
    dev: true

  /path-parse/1.0.7:
    resolution: {integrity: sha512-LDJzPVEEEPR+y48z93A0Ed0yXb8pAByGWo/k5YYdYgpY2/2EsOsksJrq7lOHxryrVOn1ejG6oAp8ahvOIQD8sw==}
    dev: true

  /pbkdf2/3.1.2:
    resolution: {integrity: sha512-iuh7L6jA7JEGu2WxDwtQP1ddOpaJNC4KlDEFfdQajSGgGPNi4OyDc2R7QnbY2bR9QjBVGwgvTdNJZoE7RaxUMA==}
    engines: {node: '>=0.12'}
    dependencies:
      create-hash: 1.2.0
      create-hmac: 1.1.7
      ripemd160: 2.0.2
      safe-buffer: 5.2.1
      sha.js: 2.4.11
    dev: true

  /picomatch/2.3.1:
    resolution: {integrity: sha512-JU3teHTNjmE2VCGFzuY8EXzCDVwEqB2a8fsIvwaStHhAWJEeVd1o1QD80CU6+ZdEXXSLbSsuLwJjkCBWqRQUVA==}
    engines: {node: '>=8.6'}
    dev: true

  /process-es6/0.11.6:
    resolution: {integrity: sha512-GYBRQtL4v3wgigq10Pv58jmTbFXlIiTbSfgnNqZLY0ldUPqy1rRxDI5fCjoCpnM6TqmHQI8ydzTBXW86OYc0gA==}
    dev: true

  /process-nextick-args/2.0.1:
    resolution: {integrity: sha512-3ouUOpQhtgrbOa17J7+uxOTpITYWaGP7/AhoR3+A+/1e9skrzelGi/dXzEYyvbxubEF6Wn2ypscTKiKJFFn1ag==}
    dev: true

  /prr/0.0.0:
    resolution: {integrity: sha512-LmUECmrW7RVj6mDWKjTXfKug7TFGdiz9P18HMcO4RHL+RW7MCOGNvpj5j47Rnp6ne6r4fZ2VzyUWEpKbg+tsjQ==}
    dev: true

  /prr/1.0.1:
    resolution: {integrity: sha512-yPw4Sng1gWghHQWj0B3ZggWUm4qVbPwPFcRG8KyxiU7J2OHFSoEHKS+EZ3fv5l1t9CyCiop6l/ZYeWbrgoQejw==}
    dev: true

  /public-encrypt/4.0.3:
    resolution: {integrity: sha512-zVpa8oKZSz5bTMTFClc1fQOnyyEzpl5ozpi1B5YcvBrdohMjH2rfsBtyXcuNuwjsDIXmBYlF2N5FlJYhR29t8Q==}
    dependencies:
      bn.js: 4.12.0
      browserify-rsa: 4.1.0
      create-hash: 1.2.0
      parse-asn1: 5.1.6
      randombytes: 2.1.0
      safe-buffer: 5.2.1
    dev: true

  /randombytes/2.1.0:
    resolution: {integrity: sha512-vYl3iOX+4CKUWuxGi9Ukhie6fsqXqS9FE2Zaic4tNFD2N2QQaXOMFbuKK4QmDHC0JO6B1Zp41J0LpT0oR68amQ==}
    dependencies:
      safe-buffer: 5.2.1
    dev: true

  /randomfill/1.0.4:
    resolution: {integrity: sha512-87lcbR8+MhcWcUiQ+9e+Rwx8MyR2P7qnt15ynUlbm3TU/fjbgz4GsvfSUDTemtCCtVCqb4ZcEFlyPNTh9bBTLw==}
    dependencies:
      randombytes: 2.1.0
      safe-buffer: 5.2.1
    dev: true

  /readable-stream/1.0.34:
    resolution: {integrity: sha512-ok1qVCJuRkNmvebYikljxJA/UEsKwLl2nI1OmaqAu4/UE+h0wKCHok4XkL/gvi39OacXvw59RJUOFUkDib2rHg==}
    dependencies:
      core-util-is: 1.0.3
      inherits: 2.0.4
      isarray: 0.0.1
      string_decoder: 0.10.31
    dev: true

  /readable-stream/1.1.14:
    resolution: {integrity: sha512-+MeVjFf4L44XUkhM1eYbD8fyEsxcV81pqMSR5gblfcLCHfZvbrqy4/qYHE+/R5HoBUT11WV5O08Cr1n3YXkWVQ==}
    dependencies:
      core-util-is: 1.0.3
      inherits: 2.0.4
      isarray: 0.0.1
      string_decoder: 0.10.31
    dev: true

  /readable-stream/2.3.7:
    resolution: {integrity: sha512-Ebho8K4jIbHAxnuxi7o42OrZgF/ZTNcsZj6nRKyUmkhLFq8CHItp/fy6hQZuZmP/n3yZ9VBUbp4zz/mX8hmYPw==}
    dependencies:
      core-util-is: 1.0.3
      inherits: 2.0.4
      isarray: 1.0.0
      process-nextick-args: 2.0.1
      safe-buffer: 5.1.2
      string_decoder: 1.1.1
      util-deprecate: 1.0.2
    dev: true

  /readable-stream/3.6.0:
    resolution: {integrity: sha512-BViHy7LKeTz4oNnkcLJ+lVSL6vpiFeX6/d3oSH8zCW7UxP2onchk+vTGB143xuFjHS3deTgkKoXXymXqymiIdA==}
    engines: {node: '>= 6'}
    dependencies:
      inherits: 2.0.4
      string_decoder: 1.3.0
      util-deprecate: 1.0.2
    dev: true

  /resolve/1.22.1:
    resolution: {integrity: sha512-nBpuuYuY5jFsli/JIs1oldw6fOQCBioohqWZg/2hiaOybXOft4lonv85uDOKXdf8rhyK159cxU5cDcK/NKk8zw==}
    hasBin: true
    dependencies:
      is-core-module: 2.11.0
      path-parse: 1.0.7
      supports-preserve-symlinks-flag: 1.0.0
    dev: true

  /ripemd160/2.0.2:
    resolution: {integrity: sha512-ii4iagi25WusVoiC4B4lq7pbXfAp3D9v5CwfkY33vffw2+pkDjY1D8GaN7spsxvCSx8dkPqOZCEZyfxcmJG2IA==}
    dependencies:
      hash-base: 3.1.0
      inherits: 2.0.4
    dev: true

  /rollup-plugin-commonjs/10.1.0_rollup@3.2.3:
    resolution: {integrity: sha512-jlXbjZSQg8EIeAAvepNwhJj++qJWNJw1Cl0YnOqKtP5Djx+fFGkp3WRh+W0ASCaFG5w1jhmzDxgu3SJuVxPF4Q==}
    deprecated: This package has been deprecated and is no longer maintained. Please use @rollup/plugin-commonjs.
    peerDependencies:
      rollup: '>=1.12.0'
    dependencies:
      estree-walker: 0.6.1
      is-reference: 1.2.1
      magic-string: 0.25.9
      resolve: 1.22.1
      rollup: 3.2.3
      rollup-pluginutils: 2.8.2
    dev: true

  /rollup-plugin-node-builtins/2.1.2:
    resolution: {integrity: sha512-bxdnJw8jIivr2yEyt8IZSGqZkygIJOGAWypXvHXnwKAbUcN4Q/dGTx7K0oAJryC/m6aq6tKutltSeXtuogU6sw==}
    dependencies:
      browserify-fs: 1.0.0
      buffer-es6: 4.9.3
      crypto-browserify: 3.12.0
      process-es6: 0.11.6
    dev: true

  /rollup-plugin-node-globals/1.4.0:
    resolution: {integrity: sha512-xRkB+W/m1KLIzPUmG0ofvR+CPNcvuCuNdjVBVS7ALKSxr3EDhnzNceGkGi1m8MToSli13AzKFYH4ie9w3I5L3g==}
    dependencies:
      acorn: 5.7.4
      buffer-es6: 4.9.3
      estree-walker: 0.5.2
      magic-string: 0.22.5
      process-es6: 0.11.6
      rollup-pluginutils: 2.8.2
    dev: true

  /rollup-plugin-node-resolve/5.2.0_rollup@3.2.3:
    resolution: {integrity: sha512-jUlyaDXts7TW2CqQ4GaO5VJ4PwwaV8VUGA7+km3n6k6xtOEacf61u0VXwN80phY/evMcaS+9eIeJ9MOyDxt5Zw==}
    deprecated: This package has been deprecated and is no longer maintained. Please use @rollup/plugin-node-resolve.
    peerDependencies:
      rollup: '>=1.11.0'
    dependencies:
      '@types/resolve': 0.0.8
      builtin-modules: 3.3.0
      is-module: 1.0.0
      resolve: 1.22.1
      rollup: 3.2.3
      rollup-pluginutils: 2.8.2
    dev: true

  /rollup-pluginutils/2.8.2:
    resolution: {integrity: sha512-EEp9NhnUkwY8aif6bxgovPHMoMoNr2FulJziTndpt5H9RdwC47GSGuII9XxpSdzVGM0GWrNPHV6ie1LTNJPaLQ==}
    dependencies:
      estree-walker: 0.6.1
    dev: true

  /rollup/3.2.3:
    resolution: {integrity: sha512-qfadtkY5kl0F5e4dXVdj2D+GtOdifasXHFMiL1SMf9ADQDv5Eti6xReef9FKj+iQPR2pvtqWna57s/PjARY4fg==}
    engines: {node: '>=14.18.0', npm: '>=8.0.0'}
    hasBin: true
    optionalDependencies:
      fsevents: 2.3.2
    dev: true

  /safe-buffer/5.1.2:
    resolution: {integrity: sha512-Gd2UZBJDkXlY7GbJxfsE8/nvKkUEU1G38c1siN6QP6a9PT9MmHB8GnpscSmMJSoF8LOIrt8ud/wPtojys4G6+g==}
    dev: true

  /safe-buffer/5.2.1:
    resolution: {integrity: sha512-rp3So07KcdmmKbGvgaNxQSJr7bGVSVk5S9Eq1F+ppbRo70+YeaDxkw5Dd8NPN+GD6bjnYm2VuPuCXmpuYvmCXQ==}
    dev: true

  /safer-buffer/2.1.2:
    resolution: {integrity: sha512-YZo3K82SD7Riyi0E1EQPojLz7kpepnSQI9IyPbHHg1XXXevb5dJI7tpyN2ADxGcQbHG7vcyRHk0cbwqcQriUtg==}
    dev: true

  /semver/2.3.2:
    resolution: {integrity: sha512-abLdIKCosKfpnmhS52NCTjO4RiLspDfsn37prjzGrp9im5DPJOgh82Os92vtwGh6XdQryKI/7SREZnV+aqiXrA==}
    hasBin: true
    dev: true

  /sha.js/2.4.11:
    resolution: {integrity: sha512-QMEp5B7cftE7APOjk5Y6xgrbWu+WkLVQwk8JNjZ8nKRciZaByEW6MubieAiToS7+dwvrjGhH8jRXz3MVd0AYqQ==}
    hasBin: true
    dependencies:
      inherits: 2.0.4
      safe-buffer: 5.2.1
    dev: true

  /sourcemap-codec/1.4.8:
    resolution: {integrity: sha512-9NykojV5Uih4lgo5So5dtw+f0JgJX30KCNI8gwhz2J9A15wD0Ml6tjHKwf6fTSa6fAdVBdZeNOs9eJ71qCk8vA==}
    dev: true

  /string-range/1.2.2:
    resolution: {integrity: sha512-tYft6IFi8SjplJpxCUxyqisD3b+R2CSkomrtJYCkvuf1KuCAWgz7YXt4O0jip7efpfCemwHEzTEAO8EuOYgh3w==}
    dev: true

  /string_decoder/0.10.31:
    resolution: {integrity: sha512-ev2QzSzWPYmy9GuqfIVildA4OdcGLeFZQrq5ys6RtiuF+RQQiZWr8TZNyAcuVXyQRYfEO+MsoB/1BuQVhOJuoQ==}
    dev: true

  /string_decoder/1.1.1:
    resolution: {integrity: sha512-n/ShnvDi6FHbbVfviro+WojiFzv+s8MPMHBczVePfUpDJLwoLT0ht1l4YwBCbi8pJAveEEdnkHyPyTP/mzRfwg==}
    dependencies:
      safe-buffer: 5.1.2
    dev: true

  /string_decoder/1.3.0:
    resolution: {integrity: sha512-hkRX8U1WjJFd8LsDJ2yQ/wWWxaopEsABU1XfkM8A+j0+85JAGppt16cr1Whg6KIbb4okU6Mql6BOj+uup/wKeA==}
    dependencies:
      safe-buffer: 5.2.1
    dev: true

  /supports-preserve-symlinks-flag/1.0.0:
    resolution: {integrity: sha512-ot0WnXS9fgdkgIcePe6RHNk1WA8+muPa6cSjeR3V8K27q9BB1rTE3R1p7Hv0z1ZyAc8s6Vvv8DIyWf681MAt0w==}
    engines: {node: '>= 0.4'}
    dev: true

  /tiny-emitter/2.1.0:
    resolution: {integrity: sha512-NB6Dk1A9xgQPMoGqC5CVXn123gWyte215ONT5Pp5a0yt4nlEoO1ZWeCwpncaekPHXO60i47ihFnZPiRPjRMq4Q==}
    dev: false

  /tslib/2.4.0:
    resolution: {integrity: sha512-d6xOpEDfsi2CZVlPQzGeux8XMwLT9hssAsaPYExaQMuYskwb+x1x7J371tWlbBdWHroy99KnVB6qIkUbs5X3UQ==}
    dev: false

  /typedarray-to-buffer/1.0.4:
    resolution: {integrity: sha512-vjMKrfSoUDN8/Vnqitw2FmstOfuJ73G6CrSEKnf11A6RmasVxHqfeBcnTb6RsL4pTMuV5Zsv9IiHRphMZyckUw==}
    dev: true

  /typedarray/0.0.6:
    resolution: {integrity: sha512-/aCDEGatGvZ2BIk+HmLf4ifCJFwvKFNb9/JeZPMulfgFracn9QFcAf5GO8B/mweUjSoblS5In0cWhqpfs/5PQA==}
    dev: true

  /typescript/4.8.4:
    resolution: {integrity: sha512-QCh+85mCy+h0IGff8r5XWzOVSbBO+KfeYrMQh7NJ58QujwcE22u+NUSmUxqF+un70P9GXKxa2HCNiTTMJknyjQ==}
    engines: {node: '>=4.2.0'}
    hasBin: true
    dev: true

  /util-deprecate/1.0.2:
    resolution: {integrity: sha512-EPD5q1uXyFxJpCrLnCc1nHnq3gOa6DZBocAIiI2TaSCA7VCJ1UJDMagCzIkXNsUYfD1daK//LTEQ8xiIbrHtcw==}
    dev: true

  /vlq/0.2.3:
    resolution: {integrity: sha512-DRibZL6DsNhIgYQ+wNdWDL2SL3bKPlVrRiBqV5yuMm++op8W4kGFtaQfCs4KEJn0wBZcHVHJ3eoywX8983k1ow==}
    dev: true

  /wrappy/1.0.2:
    resolution: {integrity: sha512-l4Sp/DRseor9wL6EvV2+TuQn63dMkPjZ/sp9XkghTEbV9KlPS1xUsZ3u7/IQO4wxtcFB4bgpQPRcR3QCvezPcQ==}
    dev: true

  /ws/8.9.0:
    resolution: {integrity: sha512-Ja7nszREasGaYUYCI2k4lCKIRTt+y7XuqVoHR44YpI49TtryyqbqvDMn5eqfW7e6HzTukDRIsXqzVHScqRcafg==}
    engines: {node: '>=10.0.0'}
    peerDependencies:
      bufferutil: ^4.0.1
      utf-8-validate: ^5.0.2
    peerDependenciesMeta:
      bufferutil:
        optional: true
      utf-8-validate:
        optional: true
    dev: false

  /xtend/2.0.6:
    resolution: {integrity: sha512-fOZg4ECOlrMl+A6Msr7EIFcON1L26mb4NY5rurSkOex/TWhazOrg6eXD/B0XkuiYcYhQDWLXzQxLMVJ7LXwokg==}
    engines: {node: '>=0.4'}
    dependencies:
      is-object: 0.1.2
      object-keys: 0.2.0
    dev: true

  /xtend/2.1.2:
    resolution: {integrity: sha512-vMNKzr2rHP9Dp/e1NQFnLQlwlhp9L/LfvnsVdHxN1f+uggyVI3i08uD14GPvCToPkdsRfyPqIyYGmIk58V98ZQ==}
    engines: {node: '>=0.4'}
    dependencies:
      object-keys: 0.4.0
    dev: true

  /xtend/2.2.0:
    resolution: {integrity: sha512-SLt5uylT+4aoXxXuwtQp5ZnMMzhDb1Xkg4pEqc00WUJCQifPfV9Ub1VrNhp9kXkrjZD2I2Hl8WnjP37jzZLPZw==}
    engines: {node: '>=0.4'}
    dev: true

  /xtend/3.0.0:
    resolution: {integrity: sha512-sp/sT9OALMjRW1fKDlPeuSZlDQpkqReA0pyJukniWbTGoEKefHxhGJynE3PNhUMlcM8qWIjPwecwCw4LArS5Eg==}
    engines: {node: '>=0.4'}
    dev: true
